<?xml version="1.0" encoding="utf-8"?>
<Project ToolsVersion="4.0" xmlns="http://schemas.microsoft.com/developer/msbuild/2003">
  <ItemGroup>
    <Filter Include="Library">
      <UniqueIdentifier>{9dc3b98c-143c-4ea3-8e2b-cc3baf5a1123}</UniqueIdentifier>
    </Filter>
    <Filter Include="Headers">
      <UniqueIdentifier>{fb8db3cf-111c-4e91-a790-f508bcfac757}</UniqueIdentifier>
    </Filter>
    <Filter Include="Source">
      <UniqueIdentifier>{4FC737F1-C7A5-4376-A066-2A32D752A2FF}</UniqueIdentifier>
      <Extensions>cpp;c;cxx;def;odl;idl;hpj;bat;asm;asmx</Extensions>
    </Filter>
  </ItemGroup>
  <ItemGroup>
    <ClCompile Include="lib\leetlib.cpp">
      <Filter>Library</Filter>
    </ClCompile>
    <ClCompile Include="Source\main.cpp">
      <Filter>Source</Filter>
    </ClCompile>
    <ClCompile Include="Source\Object.cpp">
      <Filter>Source</Filter>
    </ClCompile>
    <ClCompile Include="Source\Enemy.cpp">
      <Filter>Source</Filter>
    </ClCompile>
    <ClCompile Include="Source\Bullet.cpp">
      <Filter>Source</Filter>
    </ClCompile>
    <ClCompile Include="Source\Collision.cpp">
      <Filter>Source</Filter>
    </ClCompile>
    <ClCompile Include="Source\User.cpp">
      <Filter>Source</Filter>
    </ClCompile>
    <ClCompile Include="Source\Score.cpp">
      <Filter>Source</Filter>
    </ClCompile>
    <ClCompile Include="Source\Explosion.cpp">
      <Filter>Source</Filter>
    </ClCompile>
    <ClCompile Include="Source\GameSettings.cpp">
      <Filter>Source</Filter>
    </ClCompile>
  </ItemGroup>
  <ItemGroup>
    <ClInclude Include="lib\leetlib.h">
      <Filter>Library</Filter>
    </ClInclude>
    <ClInclude Include="Headers\Bullet.h">
      <Filter>Headers</Filter>
    </ClInclude>
    <ClInclude Include="Headers\Enemy.h">
      <Filter>Headers</Filter>
    </ClInclude>
    <ClInclude Include="Headers\Object.h">
      <Filter>Headers</Filter>
    </ClInclude>
    <ClInclude Include="Headers\User.h">
      <Filter>Headers</Filter>
    </ClInclude>
    <ClInclude Include="Headers\GameSettings.h">
      <Filter>Headers</Filter>
    </ClInclude>
    <ClInclude Include="Headers\Collision.h">
      <Filter>Headers</Filter>
    </ClInclude>
    <ClInclude Include="Headers\Score.h">
      <Filter>Headers</Filter>
    </ClInclude>
    <ClInclude Include="Headers\Explosion.h">
      <Filter>Headers</Filter>
    </ClInclude>
  </ItemGroup>
</Project>